
Microsoft Visual Studio Solution File, Format Version 12.00
# Visual Studio Version 16
VisualStudioVersion = 16.0.810.25
MinimumVisualStudioVersion = 10.0.40219.1
Project("{FAE04EC0-301F-11D3-BF4B-00C04F79EFBC}") = "InputToJsonFormatTextFile", "InputToJsonFormatTextFile\InputToJsonFormatTextFile.csproj", "{518C49F3-34BF-42F5-87E4-DCA1D63B656F}"
EndProject
Global
	GlobalSection(SolutionConfigurationPlatforms) = preSolution
		Debug|Any CPU = Debug|Any CPU
		Release|Any CPU = Release|Any CPU
	EndGlobalSection
	GlobalSection(ProjectConfigurationPlatforms) = postSolution
		{518C49F3-34BF-42F5-87E4-DCA1D63B656F}.Debug|Any CPU.ActiveCfg = Debug|Any CPU
		{518C49F3-34BF-42F5-87E4-DCA1D63B656F}.Debug|Any CPU.Build.0 = Debug|Any CPU
		{518C49F3-34BF-42F5-87E4-DCA1D63B656F}.Release|Any CPU.ActiveCfg = Release|Any CPU
		{518C49F3-34BF-42F5-87E4-DCA1D63B656F}.Release|Any CPU.Build.0 = Release|Any CPU
	EndGlobalSection
	GlobalSection(SolutionProperties) = preSolution
		HideSolutionNode = FALSE
	EndGlobalSection
	GlobalSection(ExtensibilityGlobals) = postSolution
		SolutionGuid = {3BD932C3-4F56-48BE-93F6-E7D834FE501C}
	EndGlobalSection
EndGlobal
